
Microsoft Visual Studio Solution File, Format Version 12.00
# Visual Studio Version 17
VisualStudioVersion = 17.6.33801.468
MinimumVisualStudioVersion = 10.0.40219.1
Project("{9A19103F-16F7-4668-BE54-9A1E7A4F7556}") = "ConsoleApp.Aula12_13", "..\ConsoleApp.Aula12_13\ConsoleApp.Aula12_13.csproj", "{1DB37FB9-FD76-4D58-9027-56164B988D7F}"
EndProject
Project("{9A19103F-16F7-4668-BE54-9A1E7A4F7556}") = "ConsoleApp.Aula14_15", "..\ConsoleApp.Aula14_15\ConsoleApp.Aula14_15\ConsoleApp.Aula14_15.csproj", "{A1C7FC4A-9516-4528-BD18-5D489EA060C3}"
EndProject
Project("{9A19103F-16F7-4668-BE54-9A1E7A4F7556}") = "ConsoleApp.Aula16_17", "ConsoleApp.Aula16_17\ConsoleApp.Aula16_17.csproj", "{66F80D6B-30D7-4FC7-B5C0-E04ED8B40265}"
EndProject
Project("{9A19103F-16F7-4668-BE54-9A1E7A4F7556}") = "WebOOPExemplo", "WebOOPExemplo\WebOOPExemplo.csproj", "{ED740DD5-01F0-4B8B-9BBF-2A8653951D98}"
EndProject
Project("{9A19103F-16F7-4668-BE54-9A1E7A4F7556}") = "ContatoOOPExemplo", "ContatoOOPExemplo\ContatoOOPExemplo.csproj", "{93948C4D-EFCA-45AA-BFB4-8099FFBF7325}"
EndProject
Project("{9A19103F-16F7-4668-BE54-9A1E7A4F7556}") = "ConsoleApp.Aula18_19", "ConsoleApp.Aula18_19\ConsoleApp.Aula18_19.csproj", "{051DB578-35EB-42A4-BDA7-C0411E7D1DD3}"
EndProject
Project("{9A19103F-16F7-4668-BE54-9A1E7A4F7556}") = "ConsoleApp.Aula20_21", "ConsoleApp.Aula20_21\ConsoleApp.Aula20_21.csproj", "{19D3EBEA-C356-480A-86DF-7140D5266F3B}"
EndProject
Project("{9A19103F-16F7-4668-BE54-9A1E7A4F7556}") = "WebEstudoDeCasoComClasse", "WebEstudoDeCasoComClasse\WebEstudoDeCasoComClasse.csproj", "{8C6D261D-BEC8-496F-94A3-1E1169C589A1}"
EndProject
Project("{9A19103F-16F7-4668-BE54-9A1E7A4F7556}") = "EstudoDeCasoWebClassesPura", "EstudoDeCasoWebClassesPura\EstudoDeCasoWebClassesPura.csproj", "{312FF33D-EE0C-4075-9EB6-C7E427B4C177}"
EndProject
Project("{9A19103F-16F7-4668-BE54-9A1E7A4F7556}") = "EstudoCasoAPIComClasse", "EstudoCasoAPIComClasse\EstudoCasoAPIComClasse.csproj", "{ECDE254E-B203-4EF4-B622-093673470599}"
EndProject
Project("{FAE04EC0-301F-11D3-BF4B-00C04F79EFBC}") = "ConsoleApp.Aula22_23", "ConsoleApp.Aula22_23\ConsoleApp.Aula22_23.csproj", "{BA78EF8E-2A9E-4767-91A9-E8DF2AF4D562}"
EndProject
Global
	GlobalSection(SolutionConfigurationPlatforms) = preSolution
		Debug|Any CPU = Debug|Any CPU
		Release|Any CPU = Release|Any CPU
	EndGlobalSection
	GlobalSection(ProjectConfigurationPlatforms) = postSolution
		{1DB37FB9-FD76-4D58-9027-56164B988D7F}.Debug|Any CPU.ActiveCfg = Debug|Any CPU
		{1DB37FB9-FD76-4D58-9027-56164B988D7F}.Debug|Any CPU.Build.0 = Debug|Any CPU
		{1DB37FB9-FD76-4D58-9027-56164B988D7F}.Release|Any CPU.ActiveCfg = Release|Any CPU
		{1DB37FB9-FD76-4D58-9027-56164B988D7F}.Release|Any CPU.Build.0 = Release|Any CPU
		{A1C7FC4A-9516-4528-BD18-5D489EA060C3}.Debug|Any CPU.ActiveCfg = Debug|Any CPU
		{A1C7FC4A-9516-4528-BD18-5D489EA060C3}.Debug|Any CPU.Build.0 = Debug|Any CPU
		{A1C7FC4A-9516-4528-BD18-5D489EA060C3}.Release|Any CPU.ActiveCfg = Release|Any CPU
		{A1C7FC4A-9516-4528-BD18-5D489EA060C3}.Release|Any CPU.Build.0 = Release|Any CPU
		{66F80D6B-30D7-4FC7-B5C0-E04ED8B40265}.Debug|Any CPU.ActiveCfg = Debug|Any CPU
		{66F80D6B-30D7-4FC7-B5C0-E04ED8B40265}.Debug|Any CPU.Build.0 = Debug|Any CPU
		{66F80D6B-30D7-4FC7-B5C0-E04ED8B40265}.Release|Any CPU.ActiveCfg = Release|Any CPU
		{66F80D6B-30D7-4FC7-B5C0-E04ED8B40265}.Release|Any CPU.Build.0 = Release|Any CPU
		{ED740DD5-01F0-4B8B-9BBF-2A8653951D98}.Debug|Any CPU.ActiveCfg = Debug|Any CPU
		{ED740DD5-01F0-4B8B-9BBF-2A8653951D98}.Debug|Any CPU.Build.0 = Debug|Any CPU
		{ED740DD5-01F0-4B8B-9BBF-2A8653951D98}.Release|Any CPU.ActiveCfg = Release|Any CPU
		{ED740DD5-01F0-4B8B-9BBF-2A8653951D98}.Release|Any CPU.Build.0 = Release|Any CPU
		{93948C4D-EFCA-45AA-BFB4-8099FFBF7325}.Debug|Any CPU.ActiveCfg = Debug|Any CPU
		{93948C4D-EFCA-45AA-BFB4-8099FFBF7325}.Debug|Any CPU.Build.0 = Debug|Any CPU
		{93948C4D-EFCA-45AA-BFB4-8099FFBF7325}.Release|Any CPU.ActiveCfg = Release|Any CPU
		{93948C4D-EFCA-45AA-BFB4-8099FFBF7325}.Release|Any CPU.Build.0 = Release|Any CPU
		{051DB578-35EB-42A4-BDA7-C0411E7D1DD3}.Debug|Any CPU.ActiveCfg = Debug|Any CPU
		{051DB578-35EB-42A4-BDA7-C0411E7D1DD3}.Debug|Any CPU.Build.0 = Debug|Any CPU
		{051DB578-35EB-42A4-BDA7-C0411E7D1DD3}.Release|Any CPU.ActiveCfg = Release|Any CPU
		{051DB578-35EB-42A4-BDA7-C0411E7D1DD3}.Release|Any CPU.Build.0 = Release|Any CPU
		{19D3EBEA-C356-480A-86DF-7140D5266F3B}.Debug|Any CPU.ActiveCfg = Debug|Any CPU
		{19D3EBEA-C356-480A-86DF-7140D5266F3B}.Debug|Any CPU.Build.0 = Debug|Any CPU
		{19D3EBEA-C356-480A-86DF-7140D5266F3B}.Release|Any CPU.ActiveCfg = Release|Any CPU
		{19D3EBEA-C356-480A-86DF-7140D5266F3B}.Release|Any CPU.Build.0 = Release|Any CPU
		{8C6D261D-BEC8-496F-94A3-1E1169C589A1}.Debug|Any CPU.ActiveCfg = Debug|Any CPU
		{8C6D261D-BEC8-496F-94A3-1E1169C589A1}.Debug|Any CPU.Build.0 = Debug|Any CPU
		{8C6D261D-BEC8-496F-94A3-1E1169C589A1}.Release|Any CPU.ActiveCfg = Release|Any CPU
		{8C6D261D-BEC8-496F-94A3-1E1169C589A1}.Release|Any CPU.Build.0 = Release|Any CPU
		{312FF33D-EE0C-4075-9EB6-C7E427B4C177}.Debug|Any CPU.ActiveCfg = Debug|Any CPU
		{312FF33D-EE0C-4075-9EB6-C7E427B4C177}.Debug|Any CPU.Build.0 = Debug|Any CPU
		{312FF33D-EE0C-4075-9EB6-C7E427B4C177}.Release|Any CPU.ActiveCfg = Release|Any CPU
		{312FF33D-EE0C-4075-9EB6-C7E427B4C177}.Release|Any CPU.Build.0 = Release|Any CPU
		{ECDE254E-B203-4EF4-B622-093673470599}.Debug|Any CPU.ActiveCfg = Debug|Any CPU
		{ECDE254E-B203-4EF4-B622-093673470599}.Debug|Any CPU.Build.0 = Debug|Any CPU
		{ECDE254E-B203-4EF4-B622-093673470599}.Release|Any CPU.ActiveCfg = Release|Any CPU
		{ECDE254E-B203-4EF4-B622-093673470599}.Release|Any CPU.Build.0 = Release|Any CPU
		{BA78EF8E-2A9E-4767-91A9-E8DF2AF4D562}.Debug|Any CPU.ActiveCfg = Debug|Any CPU
		{BA78EF8E-2A9E-4767-91A9-E8DF2AF4D562}.Debug|Any CPU.Build.0 = Debug|Any CPU
		{BA78EF8E-2A9E-4767-91A9-E8DF2AF4D562}.Release|Any CPU.ActiveCfg = Release|Any CPU
		{BA78EF8E-2A9E-4767-91A9-E8DF2AF4D562}.Release|Any CPU.Build.0 = Release|Any CPU
	EndGlobalSection
	GlobalSection(SolutionProperties) = preSolution
		HideSolutionNode = FALSE
	EndGlobalSection
	GlobalSection(ExtensibilityGlobals) = postSolution
		SolutionGuid = {AFD99549-418A-475D-AEA1-5E20D0345C41}
	EndGlobalSection
EndGlobal
